
Microsoft Visual Studio Solution File, Format Version 12.00
# Visual Studio Version 17
VisualStudioVersion = 17.8.34330.188
MinimumVisualStudioVersion = 10.0.40219.1
Project("{FAE04EC0-301F-11D3-BF4B-00C04F79EFBC}") = "L50_carService", "L50_carService.csproj", "{04D953C1-7159-4BB2-B3BF-1D0F062DD98D}"
EndProject
Global
	GlobalSection(SolutionConfigurationPlatforms) = preSolution
		Debug|Any CPU = Debug|Any CPU
		Release|Any CPU = Release|Any CPU
	EndGlobalSection
	GlobalSection(ProjectConfigurationPlatforms) = postSolution
		{04D953C1-7159-4BB2-B3BF-1D0F062DD98D}.Debug|Any CPU.ActiveCfg = Debug|Any CPU
		{04D953C1-7159-4BB2-B3BF-1D0F062DD98D}.Debug|Any CPU.Build.0 = Debug|Any CPU
		{04D953C1-7159-4BB2-B3BF-1D0F062DD98D}.Release|Any CPU.ActiveCfg = Release|Any CPU
		{04D953C1-7159-4BB2-B3BF-1D0F062DD98D}.Release|Any CPU.Build.0 = Release|Any CPU
	EndGlobalSection
	GlobalSection(SolutionProperties) = preSolution
		HideSolutionNode = FALSE
	EndGlobalSection
	GlobalSection(ExtensibilityGlobals) = postSolution
		SolutionGuid = {A941215B-9844-4ACA-9D77-9F658DCFA796}
	EndGlobalSection
EndGlobal
